{
  "nodes": {
    "blender-bin": {
      "inputs": {
        "nixpkgs": "nixpkgs"
      },
      "locked": {
        "dir": "blender",
        "lastModified": 1766785730,
        "owner": "edolstra",
        "repo": "nix-warez",
        "rev": "32a73188c4026cea3f8ed97078ace45bf9f7f578",
        "type": "github"
      },
      "original": {
        "dir": "blender",
        "owner": "edolstra",
        "repo": "nix-warez",
        "type": "github"
      }
    },
    "devenv": {
      "locked": {
        "dir": "src/modules",
        "lastModified": 1771672827,
        "owner": "cachix",
        "repo": "devenv",
        "rev": "6757a742f6393c7070f159eed9a59cbe20690aa3",
        "type": "github"
      },
      "original": {
        "dir": "src/modules",
        "owner": "cachix",
        "repo": "devenv",
        "type": "github"
      }
    },
    "nixpkgs": {
      "locked": {
        "lastModified": 1751274312,
        "owner": "NixOS",
        "repo": "nixpkgs",
        "rev": "50ab793786d9de88ee30ec4e4c24fb4236fc2674",
        "type": "github"
      },
      "original": {
        "id": "nixpkgs",
        "ref": "nixos-24.11",
        "type": "indirect"
      }
    },
    "nixpkgs-src": {
      "flake": false,
      "locked": {
        "lastModified": 1769922788,
        "narHash": "sha256-H3AfG4ObMDTkTJYkd8cz1/RbY9LatN5Mk4UF48VuSXc=",
        "owner": "NixOS",
        "repo": "nixpkgs",
        "rev": "207d15f1a6603226e1e223dc79ac29c7846da32e",
        "type": "github"
      },
      "original": {
        "owner": "NixOS",
        "ref": "nixpkgs-unstable",
        "repo": "nixpkgs",
        "type": "github"
      }
    },
    "nixpkgs_2": {
      "inputs": {
        "nixpkgs-src": "nixpkgs-src"
      },
      "locked": {
        "lastModified": 1770434727,
        "owner": "cachix",
        "repo": "devenv-nixpkgs",
        "rev": "8430f16a39c27bdeef236f1eeb56f0b51b33d348",
        "type": "github"
      },
      "original": {
        "owner": "cachix",
        "ref": "rolling",
        "repo": "devenv-nixpkgs",
        "type": "github"
      }
    },
    "root": {
      "inputs": {
        "blender-bin": "blender-bin",
        "devenv": "devenv",
        "nixpkgs": "nixpkgs_2"
      }
    }
  },
  "root": "root",
  "version": 7
}